
Microsoft Visual Studio Solution File, Format Version 12.00
# Visual Studio 2013
VisualStudioVersion = 12.0.31101.0
MinimumVisualStudioVersion = 10.0.40219.1
Project("{FAE04EC0-301F-11D3-BF4B-00C04F79EFBC}") = "DLCamera.iOS", "DLCamera.iOS\DLCamera.iOS.csproj", "{BE01D5B4-19E1-4E59-AA5A-B4BE18913024}"
EndProject
Global
	GlobalSection(SolutionConfigurationPlatforms) = preSolution
		Ad-Hoc|iPhone = Ad-Hoc|iPhone
		Ad-Hoc|iPhoneSimulator = Ad-Hoc|iPhoneSimulator
		AppStore|iPhone = AppStore|iPhone
		AppStore|iPhoneSimulator = AppStore|iPhoneSimulator
		Debug|iPhone = Debug|iPhone
		Debug|iPhoneSimulator = Debug|iPhoneSimulator
		Release|iPhone = Release|iPhone
		Release|iPhoneSimulator = Release|iPhoneSimulator
	EndGlobalSection
	GlobalSection(ProjectConfigurationPlatforms) = postSolution
		{BE01D5B4-19E1-4E59-AA5A-B4BE18913024}.Ad-Hoc|iPhone.ActiveCfg = Ad-Hoc|iPhone
		{BE01D5B4-19E1-4E59-AA5A-B4BE18913024}.Ad-Hoc|iPhone.Build.0 = Ad-Hoc|iPhone
		{BE01D5B4-19E1-4E59-AA5A-B4BE18913024}.Ad-Hoc|iPhoneSimulator.ActiveCfg = Ad-Hoc|iPhoneSimulator
		{BE01D5B4-19E1-4E59-AA5A-B4BE18913024}.Ad-Hoc|iPhoneSimulator.Build.0 = Ad-Hoc|iPhoneSimulator
		{BE01D5B4-19E1-4E59-AA5A-B4BE18913024}.AppStore|iPhone.ActiveCfg = AppStore|iPhone
		{BE01D5B4-19E1-4E59-AA5A-B4BE18913024}.AppStore|iPhone.Build.0 = AppStore|iPhone
		{BE01D5B4-19E1-4E59-AA5A-B4BE18913024}.AppStore|iPhoneSimulator.ActiveCfg = AppStore|iPhoneSimulator
		{BE01D5B4-19E1-4E59-AA5A-B4BE18913024}.AppStore|iPhoneSimulator.Build.0 = AppStore|iPhoneSimulator
		{BE01D5B4-19E1-4E59-AA5A-B4BE18913024}.Debug|iPhone.ActiveCfg = Debug|iPhone
		{BE01D5B4-19E1-4E59-AA5A-B4BE18913024}.Debug|iPhone.Build.0 = Debug|iPhone
		{BE01D5B4-19E1-4E59-AA5A-B4BE18913024}.Debug|iPhoneSimulator.ActiveCfg = Debug|iPhoneSimulator
		{BE01D5B4-19E1-4E59-AA5A-B4BE18913024}.Debug|iPhoneSimulator.Build.0 = Debug|iPhoneSimulator
		{BE01D5B4-19E1-4E59-AA5A-B4BE18913024}.Release|iPhone.ActiveCfg = Release|iPhone
		{BE01D5B4-19E1-4E59-AA5A-B4BE18913024}.Release|iPhone.Build.0 = Release|iPhone
		{BE01D5B4-19E1-4E59-AA5A-B4BE18913024}.Release|iPhoneSimulator.ActiveCfg = Release|iPhoneSimulator
		{BE01D5B4-19E1-4E59-AA5A-B4BE18913024}.Release|iPhoneSimulator.Build.0 = Release|iPhoneSimulator
	EndGlobalSection
	GlobalSection(SolutionProperties) = preSolution
		HideSolutionNode = FALSE
	EndGlobalSection
EndGlobal
